{
  "name": "single-notification",
  "version": "1.0.0",
  "lockfileVersion": 1,
  "requires": true,
  "dependencies": {
    "bulma": {
      "version": "0.9.2",
      "resolved": "https://devops.bt.siemens.com/artifactory/api/npm/npm-all/bulma/-/bulma-0.9.2.tgz",
      "integrity": "sha1-NAAR4RnGBfGbjKiGv+pZXx3q8jw="
    }
  }
}
